{
  "originHash" : "d4ea24808ef401aae88bd6c0cfe7ddaacba474af5e41b69dd794c3bf04ff8be6",
  "pins" : [
    {
      "identity" : "l10n-swift",
      "kind" : "remoteSourceControl",
      "location" : "https://github.com/Decybel07/L10n-swift.git",
      "state" : {
        "revision" : "ad62717311be1eb4571d0025902a0043fdaf5a33",
        "version" : "5.10.3"
      }
    },
    {
      "identity" : "swift-argument-parser",
      "kind" : "remoteSourceControl",
      "location" : "https://github.com/apple/swift-argument-parser",
      "state" : {
        "revision" : "6a52f3251125d74daf04fcbd5e6f08a75d074382",
        "version" : "1.8.2"
      }
    },
    {
      "identity" : "swiftterm",
      "kind" : "remoteSourceControl",
      "location" : "https://github.com/migueldeicaza/SwiftTerm.git",
      "state" : {
        "revision" : "5d14406844143538cd8f8851d2d8a67c1fe443e5",
        "version" : "1.20.0"
      }
    },
    {
      "identity" : "webrtc",
      "kind" : "remoteSourceControl",
      "location" : "https://github.com/stasel/WebRTC.git",
      "state" : {
        "revision" : "4266157cd08f92115de885ab12d87196a8db87e1",
        "version" : "153.0.0"
      }
    }
  ],
  "version" : 3
}
